
Microsoft Visual Studio Solution File, Format Version 12.00
# Visual Studio Version 16
VisualStudioVersion = 16.0.29020.237
MinimumVisualStudioVersion = 10.0.40219.1
Project("{FAE04EC0-301F-11D3-BF4B-00C04F79EFBC}") = "EtwNetFull", "EtwNetFull\EtwNetFull.csproj", "{C9778505-EFBB-4897-9043-2F9DAAF6AFD7}"
EndProject
Global
	GlobalSection(SolutionConfigurationPlatforms) = preSolution
		Debug|Any CPU = Debug|Any CPU
		Release|Any CPU = Release|Any CPU
	EndGlobalSection
	GlobalSection(ProjectConfigurationPlatforms) = postSolution
		{C9778505-EFBB-4897-9043-2F9DAAF6AFD7}.Debug|Any CPU.ActiveCfg = Debug|Any CPU
		{C9778505-EFBB-4897-9043-2F9DAAF6AFD7}.Debug|Any CPU.Build.0 = Debug|Any CPU
		{C9778505-EFBB-4897-9043-2F9DAAF6AFD7}.Release|Any CPU.ActiveCfg = Release|Any CPU
		{C9778505-EFBB-4897-9043-2F9DAAF6AFD7}.Release|Any CPU.Build.0 = Release|Any CPU
	EndGlobalSection
	GlobalSection(SolutionProperties) = preSolution
		HideSolutionNode = FALSE
	EndGlobalSection
	GlobalSection(ExtensibilityGlobals) = postSolution
		SolutionGuid = {EAE29C96-9350-461F-BC6A-DD4F932B0ED0}
	EndGlobalSection
EndGlobal
